Microsoft Visual Studio Solution File, Format Version 11.00
# Visual Studio 2008

Project("{9D5CE8CD-9B44-0F0E-A93E-4B4563154CE1}") = "AR DRESS", "Assembly-CSharp-firstpass-vs.csproj", "{E9756985-1FB4-7B01-4831-CE764E8B4CE2}"
EndProject
Project("{9D5CE8CD-9B44-0F0E-A93E-4B4563154CE1}") = "AR DRESS", "Assembly-CSharp-vs.csproj", "{5BCA8BC1-6988-8837-373F-674EAF9507C9}"
EndProject
Project("{9D5CE8CD-9B44-0F0E-A93E-4B4563154CE1}") = "AR DRESS", "Assembly-CSharp-Editor-vs.csproj", "{E244FBF7-3AAE-4E3E-A00D-27CE2B661FCB}"
EndProject
Global
	GlobalSection(SolutionConfigurationPlatforms) = preSolution
		Debug|Any CPU = Debug|Any CPU
		Release|Any CPU = Release|Any CPU
	EndGlobalSection
	GlobalSection(ProjectConfigurationPlatforms) = postSolution
		{E9756985-1FB4-7B01-4831-CE764E8B4CE2}.Debug|Any CPU.ActiveCfg = Debug|Any CPU
		{E9756985-1FB4-7B01-4831-CE764E8B4CE2}.Debug|Any CPU.Build.0 = Debug|Any CPU
		{E9756985-1FB4-7B01-4831-CE764E8B4CE2}.Release|Any CPU.ActiveCfg = Release|Any CPU
		{E9756985-1FB4-7B01-4831-CE764E8B4CE2}.Release|Any CPU.Build.0 = Release|Any CPU
		{5BCA8BC1-6988-8837-373F-674EAF9507C9}.Debug|Any CPU.ActiveCfg = Debug|Any CPU
		{5BCA8BC1-6988-8837-373F-674EAF9507C9}.Debug|Any CPU.Build.0 = Debug|Any CPU
		{5BCA8BC1-6988-8837-373F-674EAF9507C9}.Release|Any CPU.ActiveCfg = Release|Any CPU
		{5BCA8BC1-6988-8837-373F-674EAF9507C9}.Release|Any CPU.Build.0 = Release|Any CPU
		{E244FBF7-3AAE-4E3E-A00D-27CE2B661FCB}.Debug|Any CPU.ActiveCfg = Debug|Any CPU
		{E244FBF7-3AAE-4E3E-A00D-27CE2B661FCB}.Debug|Any CPU.Build.0 = Debug|Any CPU
		{E244FBF7-3AAE-4E3E-A00D-27CE2B661FCB}.Release|Any CPU.ActiveCfg = Release|Any CPU
		{E244FBF7-3AAE-4E3E-A00D-27CE2B661FCB}.Release|Any CPU.Build.0 = Release|Any CPU
	EndGlobalSection
	GlobalSection(SolutionProperties) = preSolution
		HideSolutionNode = FALSE
	EndGlobalSection
							GlobalSection(MonoDevelopProperties) = preSolution
		StartupItem = Assembly-CSharp.csproj
		Policies = $0
		$0.TextStylePolicy = $1
		$1.inheritsSet = null
		$1.scope = text/x-csharp
		$0.CSharpFormattingPolicy = $2
		$2.inheritsSet = Mono
		$2.inheritsScope = text/x-csharp
		$2.scope = text/x-csharp
		$0.TextStylePolicy = $3
		$3.FileWidth = 120
		$3.TabWidth = 4
		$3.IndentWidth = 4
		$3.EolMarker = Unix
		$3.inheritsSet = Mono
		$3.inheritsScope = text/plain
		$3.scope = text/plain
	EndGlobalSection

EndGlobal
