Microsoft Visual Studio Solution File, Format Version 11.00
# Visual Studio 2008

Project("{5268AAD5-549F-AF64-7AD7-E1FF40A1D3D0}") = "TOUCH_ROTATE_DUC", "Assembly-CSharp.csproj", "{01015935-FF59-81B7-85A5-C7D4256F4B82}"
EndProject
Project("{5268AAD5-549F-AF64-7AD7-E1FF40A1D3D0}") = "TOUCH_ROTATE_DUC", "Assembly-UnityScript.unityproj", "{10485E55-F99B-C72C-46E4-C731289407E4}"
EndProject
Global
	GlobalSection(SolutionConfigurationPlatforms) = preSolution
		Debug|Any CPU = Debug|Any CPU
		Release|Any CPU = Release|Any CPU
	EndGlobalSection
	GlobalSection(ProjectConfigurationPlatforms) = postSolution
		{01015935-FF59-81B7-85A5-C7D4256F4B82}.Debug|Any CPU.ActiveCfg = Debug|Any CPU
		{01015935-FF59-81B7-85A5-C7D4256F4B82}.Debug|Any CPU.Build.0 = Debug|Any CPU
		{01015935-FF59-81B7-85A5-C7D4256F4B82}.Release|Any CPU.ActiveCfg = Release|Any CPU
		{01015935-FF59-81B7-85A5-C7D4256F4B82}.Release|Any CPU.Build.0 = Release|Any CPU
		{10485E55-F99B-C72C-46E4-C731289407E4}.Debug|Any CPU.ActiveCfg = Debug|Any CPU
		{10485E55-F99B-C72C-46E4-C731289407E4}.Debug|Any CPU.Build.0 = Debug|Any CPU
		{10485E55-F99B-C72C-46E4-C731289407E4}.Release|Any CPU.ActiveCfg = Release|Any CPU
		{10485E55-F99B-C72C-46E4-C731289407E4}.Release|Any CPU.Build.0 = Release|Any CPU
	EndGlobalSection
	GlobalSection(SolutionProperties) = preSolution
		HideSolutionNode = FALSE
	EndGlobalSection
																																										GlobalSection(MonoDevelopProperties) = preSolution
		StartupItem = Assembly-CSharp.csproj
		Policies = $0
		$0.TextStylePolicy = $1
		$1.inheritsSet = null
		$1.scope = text/x-csharp
		$0.CSharpFormattingPolicy = $2
		$2.inheritsSet = Mono
		$2.inheritsScope = text/x-csharp
		$2.scope = text/x-csharp
		$0.TextStylePolicy = $3
		$3.FileWidth = 120
		$3.TabWidth = 4
		$3.EolMarker = Unix
		$3.inheritsSet = Mono
		$3.inheritsScope = text/plain
		$3.scope = text/plain
	EndGlobalSection

EndGlobal
